
Microsoft Visual Studio Solution File, Format Version 12.00
# Visual Studio 15
VisualStudioVersion = 15.0.28307.1705
MinimumVisualStudioVersion = 10.0.40219.1
Project("{FAE04EC0-301F-11D3-BF4B-00C04F79EFBC}") = "KDC101_Example", "C#\KCube\KDC101\KDC101_Example.csproj", "{0194A37F-1C90-42CF-9C84-403F04310515}"
EndProject
Project("{8BC9CEB8-8B4A-11D0-8D11-00A0C91BC942}") = "KDC101", "C++\KCube\KDC101\KDC101.vcxproj", "{6D02DDBA-B25A-453C-8E68-C2AB546B984F}"
EndProject
Project("{8BC9CEB8-8B4A-11D0-8D11-00A0C91BC942}") = "KIM101", "C++\KCube\KIM101\KIM101.vcxproj", "{C7F82E8F-61AB-4E3B-9A1B-135EADDF5D72}"
EndProject
Project("{2150E333-8FDC-42A3-9474-1A3956D46DE8}") = "C++", "C++", "{D3DDF0C7-09BC-4980-BFF9-FEE3ECF41A3C}"
EndProject
Project("{2150E333-8FDC-42A3-9474-1A3956D46DE8}") = "CSharp", "CSharp", "{B964465E-1E35-4998-B114-05B13906EF14}"
EndProject
Project("{2150E333-8FDC-42A3-9474-1A3956D46DE8}") = "KCube", "KCube", "{0494B9C3-AE9B-42EE-875A-603FD2197C3E}"
EndProject
Global
	GlobalSection(SolutionConfigurationPlatforms) = preSolution
		Debug|x64 = Debug|x64
		Debug|x86 = Debug|x86
		Release|x64 = Release|x64
		Release|x86 = Release|x86
	EndGlobalSection
	GlobalSection(ProjectConfigurationPlatforms) = postSolution
		{0194A37F-1C90-42CF-9C84-403F04310515}.Debug|x64.ActiveCfg = Debug|x86
		{0194A37F-1C90-42CF-9C84-403F04310515}.Debug|x86.ActiveCfg = Debug|x86
		{0194A37F-1C90-42CF-9C84-403F04310515}.Debug|x86.Build.0 = Debug|x86
		{0194A37F-1C90-42CF-9C84-403F04310515}.Release|x64.ActiveCfg = Release|x86
		{0194A37F-1C90-42CF-9C84-403F04310515}.Release|x86.ActiveCfg = Release|x86
		{0194A37F-1C90-42CF-9C84-403F04310515}.Release|x86.Build.0 = Release|x86
		{6D02DDBA-B25A-453C-8E68-C2AB546B984F}.Debug|x64.ActiveCfg = Debug|x64
		{6D02DDBA-B25A-453C-8E68-C2AB546B984F}.Debug|x64.Build.0 = Debug|x64
		{6D02DDBA-B25A-453C-8E68-C2AB546B984F}.Debug|x86.ActiveCfg = Debug|Win32
		{6D02DDBA-B25A-453C-8E68-C2AB546B984F}.Debug|x86.Build.0 = Debug|Win32
		{6D02DDBA-B25A-453C-8E68-C2AB546B984F}.Release|x64.ActiveCfg = Release|x64
		{6D02DDBA-B25A-453C-8E68-C2AB546B984F}.Release|x64.Build.0 = Release|x64
		{6D02DDBA-B25A-453C-8E68-C2AB546B984F}.Release|x86.ActiveCfg = Release|Win32
		{6D02DDBA-B25A-453C-8E68-C2AB546B984F}.Release|x86.Build.0 = Release|Win32
		{C7F82E8F-61AB-4E3B-9A1B-135EADDF5D72}.Debug|x64.ActiveCfg = Debug|x64
		{C7F82E8F-61AB-4E3B-9A1B-135EADDF5D72}.Debug|x64.Build.0 = Debug|x64
		{C7F82E8F-61AB-4E3B-9A1B-135EADDF5D72}.Debug|x86.ActiveCfg = Debug|Win32
		{C7F82E8F-61AB-4E3B-9A1B-135EADDF5D72}.Debug|x86.Build.0 = Debug|Win32
		{C7F82E8F-61AB-4E3B-9A1B-135EADDF5D72}.Release|x64.ActiveCfg = Release|x64
		{C7F82E8F-61AB-4E3B-9A1B-135EADDF5D72}.Release|x64.Build.0 = Release|x64
		{C7F82E8F-61AB-4E3B-9A1B-135EADDF5D72}.Release|x86.ActiveCfg = Release|Win32
		{C7F82E8F-61AB-4E3B-9A1B-135EADDF5D72}.Release|x86.Build.0 = Release|Win32
	EndGlobalSection
	GlobalSection(SolutionProperties) = preSolution
		HideSolutionNode = FALSE
	EndGlobalSection
	GlobalSection(NestedProjects) = preSolution
		{6D02DDBA-B25A-453C-8E68-C2AB546B984F} = {D3DDF0C7-09BC-4980-BFF9-FEE3ECF41A3C}
		{C7F82E8F-61AB-4E3B-9A1B-135EADDF5D72} = {D3DDF0C7-09BC-4980-BFF9-FEE3ECF41A3C}
		{0494B9C3-AE9B-42EE-875A-603FD2197C3E} = {D3DDF0C7-09BC-4980-BFF9-FEE3ECF41A3C}
	EndGlobalSection
	GlobalSection(ExtensibilityGlobals) = postSolution
		SolutionGuid = {0E819AF5-C7CF-4B48-9F7A-75C053699079}
	EndGlobalSection
EndGlobal
