
Microsoft Visual Studio Solution File, Format Version 12.00
# Visual Studio 15
VisualStudioVersion = 15.0.28307.1705
MinimumVisualStudioVersion = 10.0.40219.1
Project("{FAE04EC0-301F-11D3-BF4B-00C04F79EFBC}") = "KDC101_Example", "C#\KCube\KDC101\KDC101_Example.csproj", "{0194A37F-1C90-42CF-9C84-403F04310515}"
EndProject
Project("{8BC9CEB8-8B4A-11D0-8D11-00A0C91BC942}") = "KDC101", "C++\KCube\KDC101\KDC101.vcxproj", "{6D02DDBA-B25A-453C-8E68-C2AB546B984F}"
EndProject
Project("{8BC9CEB8-8B4A-11D0-8D11-00A0C91BC942}") = "KIM101", "C++\KCube\KIM101\KIM101.vcxproj", "{C7F82E8F-61AB-4E3B-9A1B-135EADDF5D72}"
EndProject
Project("{2150E333-8FDC-42A3-9474-1A3956D46DE8}") = "C++", "C++", "{D3DDF0C7-09BC-4980-BFF9-FEE3ECF41A3C}"
EndProject
Project("{2150E333-8FDC-42A3-9474-1A3956D46DE8}") = "CSharp", "CSharp", "{B964465E-1E35-4998-B114-05B13906EF14}"
EndProject
Project("{2150E333-8FDC-42A3-9474-1A3956D46DE8}") = "KCube", "KCube", "{0494B9C3-AE9B-42EE-875A-603FD2197C3E}"
EndProject
Project("{8BC9CEB8-8B4A-11D0-8D11-00A0C91BC942}") = "KDB101", "C++\KCube\KDB101\KDB101.vcxproj", "{5AC44299-B705-44C9-906F-72ECCE54E2D8}"
EndProject
Project("{8BC9CEB8-8B4A-11D0-8D11-00A0C91BC942}") = "KLD101", "C++\KCube\KLD101\KLD101.vcxproj", "{23C9E506-4E9F-49EB-8B27-B71F046B9EA0}"
EndProject
Project("{8BC9CEB8-8B4A-11D0-8D11-00A0C91BC942}") = "KNA101", "C++\KCube\KNA101\KNA101.vcxproj", "{6EBFFB2B-5EC9-4829-81E7-C5B840524035}"
EndProject
Project("{8BC9CEB8-8B4A-11D0-8D11-00A0C91BC942}") = "KPA101", "C++\KCube\KPA101\KPA101.vcxproj", "{4F461F0F-F985-4339-8256-984A26D0D06B}"
EndProject
Project("{8BC9CEB8-8B4A-11D0-8D11-00A0C91BC942}") = "KPZ101", "C++\KCube\KPZ101\KPZ101.vcxproj", "{E5EEE576-FB21-4448-BF92-38C23CB37B06}"
EndProject
Project("{8BC9CEB8-8B4A-11D0-8D11-00A0C91BC942}") = "KSC101", "C++\KCube\KSC101\KSC101.vcxproj", "{4F03FC21-5396-49B3-B1DA-5057FB09AC0B}"
EndProject
Project("{8BC9CEB8-8B4A-11D0-8D11-00A0C91BC942}") = "KSG101", "C++\KCube\KSG101\KSG101.vcxproj", "{152FEB83-0605-42F0-B61F-B3C31CB5C306}"
EndProject
Project("{8BC9CEB8-8B4A-11D0-8D11-00A0C91BC942}") = "KST101", "C++\KCube\KST101\KST101.vcxproj", "{AB7C8D11-3995-47CC-8B98-30D89A7B6E8F}"
EndProject
Project("{2150E333-8FDC-42A3-9474-1A3956D46DE8}") = "KCube", "KCube", "{16ED9190-8D28-439E-B63D-E0896F865CF1}"
EndProject
Global
	GlobalSection(SolutionConfigurationPlatforms) = preSolution
		Debug|x64 = Debug|x64
		Debug|x86 = Debug|x86
		Release|x64 = Release|x64
		Release|x86 = Release|x86
	EndGlobalSection
	GlobalSection(ProjectConfigurationPlatforms) = postSolution
		{0194A37F-1C90-42CF-9C84-403F04310515}.Debug|x64.ActiveCfg = Debug|x86
		{0194A37F-1C90-42CF-9C84-403F04310515}.Debug|x86.ActiveCfg = Debug|x86
		{0194A37F-1C90-42CF-9C84-403F04310515}.Debug|x86.Build.0 = Debug|x86
		{0194A37F-1C90-42CF-9C84-403F04310515}.Release|x64.ActiveCfg = Release|x86
		{0194A37F-1C90-42CF-9C84-403F04310515}.Release|x86.ActiveCfg = Release|x86
		{0194A37F-1C90-42CF-9C84-403F04310515}.Release|x86.Build.0 = Release|x86
		{6D02DDBA-B25A-453C-8E68-C2AB546B984F}.Debug|x64.ActiveCfg = Debug|x64
		{6D02DDBA-B25A-453C-8E68-C2AB546B984F}.Debug|x64.Build.0 = Debug|x64
		{6D02DDBA-B25A-453C-8E68-C2AB546B984F}.Debug|x86.ActiveCfg = Debug|Win32
		{6D02DDBA-B25A-453C-8E68-C2AB546B984F}.Debug|x86.Build.0 = Debug|Win32
		{6D02DDBA-B25A-453C-8E68-C2AB546B984F}.Release|x64.ActiveCfg = Release|x64
		{6D02DDBA-B25A-453C-8E68-C2AB546B984F}.Release|x64.Build.0 = Release|x64
		{6D02DDBA-B25A-453C-8E68-C2AB546B984F}.Release|x86.ActiveCfg = Release|Win32
		{6D02DDBA-B25A-453C-8E68-C2AB546B984F}.Release|x86.Build.0 = Release|Win32
		{C7F82E8F-61AB-4E3B-9A1B-135EADDF5D72}.Debug|x64.ActiveCfg = Debug|x64
		{C7F82E8F-61AB-4E3B-9A1B-135EADDF5D72}.Debug|x64.Build.0 = Debug|x64
		{C7F82E8F-61AB-4E3B-9A1B-135EADDF5D72}.Debug|x86.ActiveCfg = Debug|Win32
		{C7F82E8F-61AB-4E3B-9A1B-135EADDF5D72}.Debug|x86.Build.0 = Debug|Win32
		{C7F82E8F-61AB-4E3B-9A1B-135EADDF5D72}.Release|x64.ActiveCfg = Release|x64
		{C7F82E8F-61AB-4E3B-9A1B-135EADDF5D72}.Release|x64.Build.0 = Release|x64
		{C7F82E8F-61AB-4E3B-9A1B-135EADDF5D72}.Release|x86.ActiveCfg = Release|Win32
		{C7F82E8F-61AB-4E3B-9A1B-135EADDF5D72}.Release|x86.Build.0 = Release|Win32
		{5AC44299-B705-44C9-906F-72ECCE54E2D8}.Debug|x64.ActiveCfg = Debug|x64
		{5AC44299-B705-44C9-906F-72ECCE54E2D8}.Debug|x64.Build.0 = Debug|x64
		{5AC44299-B705-44C9-906F-72ECCE54E2D8}.Debug|x86.ActiveCfg = Debug|Win32
		{5AC44299-B705-44C9-906F-72ECCE54E2D8}.Debug|x86.Build.0 = Debug|Win32
		{5AC44299-B705-44C9-906F-72ECCE54E2D8}.Release|x64.ActiveCfg = Release|x64
		{5AC44299-B705-44C9-906F-72ECCE54E2D8}.Release|x64.Build.0 = Release|x64
		{5AC44299-B705-44C9-906F-72ECCE54E2D8}.Release|x86.ActiveCfg = Release|Win32
		{5AC44299-B705-44C9-906F-72ECCE54E2D8}.Release|x86.Build.0 = Release|Win32
		{23C9E506-4E9F-49EB-8B27-B71F046B9EA0}.Debug|x64.ActiveCfg = Debug|x64
		{23C9E506-4E9F-49EB-8B27-B71F046B9EA0}.Debug|x64.Build.0 = Debug|x64
		{23C9E506-4E9F-49EB-8B27-B71F046B9EA0}.Debug|x86.ActiveCfg = Debug|Win32
		{23C9E506-4E9F-49EB-8B27-B71F046B9EA0}.Debug|x86.Build.0 = Debug|Win32
		{23C9E506-4E9F-49EB-8B27-B71F046B9EA0}.Release|x64.ActiveCfg = Release|x64
		{23C9E506-4E9F-49EB-8B27-B71F046B9EA0}.Release|x64.Build.0 = Release|x64
		{23C9E506-4E9F-49EB-8B27-B71F046B9EA0}.Release|x86.ActiveCfg = Release|Win32
		{23C9E506-4E9F-49EB-8B27-B71F046B9EA0}.Release|x86.Build.0 = Release|Win32
		{6EBFFB2B-5EC9-4829-81E7-C5B840524035}.Debug|x64.ActiveCfg = Debug|x64
		{6EBFFB2B-5EC9-4829-81E7-C5B840524035}.Debug|x64.Build.0 = Debug|x64
		{6EBFFB2B-5EC9-4829-81E7-C5B840524035}.Debug|x86.ActiveCfg = Debug|Win32
		{6EBFFB2B-5EC9-4829-81E7-C5B840524035}.Debug|x86.Build.0 = Debug|Win32
		{6EBFFB2B-5EC9-4829-81E7-C5B840524035}.Release|x64.ActiveCfg = Release|x64
		{6EBFFB2B-5EC9-4829-81E7-C5B840524035}.Release|x64.Build.0 = Release|x64
		{6EBFFB2B-5EC9-4829-81E7-C5B840524035}.Release|x86.ActiveCfg = Release|Win32
		{6EBFFB2B-5EC9-4829-81E7-C5B840524035}.Release|x86.Build.0 = Release|Win32
		{4F461F0F-F985-4339-8256-984A26D0D06B}.Debug|x64.ActiveCfg = Debug|x64
		{4F461F0F-F985-4339-8256-984A26D0D06B}.Debug|x64.Build.0 = Debug|x64
		{4F461F0F-F985-4339-8256-984A26D0D06B}.Debug|x86.ActiveCfg = Debug|Win32
		{4F461F0F-F985-4339-8256-984A26D0D06B}.Debug|x86.Build.0 = Debug|Win32
		{4F461F0F-F985-4339-8256-984A26D0D06B}.Release|x64.ActiveCfg = Release|x64
		{4F461F0F-F985-4339-8256-984A26D0D06B}.Release|x64.Build.0 = Release|x64
		{4F461F0F-F985-4339-8256-984A26D0D06B}.Release|x86.ActiveCfg = Release|Win32
		{4F461F0F-F985-4339-8256-984A26D0D06B}.Release|x86.Build.0 = Release|Win32
		{E5EEE576-FB21-4448-BF92-38C23CB37B06}.Debug|x64.ActiveCfg = Debug|x64
		{E5EEE576-FB21-4448-BF92-38C23CB37B06}.Debug|x64.Build.0 = Debug|x64
		{E5EEE576-FB21-4448-BF92-38C23CB37B06}.Debug|x86.ActiveCfg = Debug|Win32
		{E5EEE576-FB21-4448-BF92-38C23CB37B06}.Debug|x86.Build.0 = Debug|Win32
		{E5EEE576-FB21-4448-BF92-38C23CB37B06}.Release|x64.ActiveCfg = Release|x64
		{E5EEE576-FB21-4448-BF92-38C23CB37B06}.Release|x64.Build.0 = Release|x64
		{E5EEE576-FB21-4448-BF92-38C23CB37B06}.Release|x86.ActiveCfg = Release|Win32
		{E5EEE576-FB21-4448-BF92-38C23CB37B06}.Release|x86.Build.0 = Release|Win32
		{4F03FC21-5396-49B3-B1DA-5057FB09AC0B}.Debug|x64.ActiveCfg = Debug|x64
		{4F03FC21-5396-49B3-B1DA-5057FB09AC0B}.Debug|x64.Build.0 = Debug|x64
		{4F03FC21-5396-49B3-B1DA-5057FB09AC0B}.Debug|x86.ActiveCfg = Debug|Win32
		{4F03FC21-5396-49B3-B1DA-5057FB09AC0B}.Debug|x86.Build.0 = Debug|Win32
		{4F03FC21-5396-49B3-B1DA-5057FB09AC0B}.Release|x64.ActiveCfg = Release|x64
		{4F03FC21-5396-49B3-B1DA-5057FB09AC0B}.Release|x64.Build.0 = Release|x64
		{4F03FC21-5396-49B3-B1DA-5057FB09AC0B}.Release|x86.ActiveCfg = Release|Win32
		{4F03FC21-5396-49B3-B1DA-5057FB09AC0B}.Release|x86.Build.0 = Release|Win32
		{152FEB83-0605-42F0-B61F-B3C31CB5C306}.Debug|x64.ActiveCfg = Debug|x64
		{152FEB83-0605-42F0-B61F-B3C31CB5C306}.Debug|x64.Build.0 = Debug|x64
		{152FEB83-0605-42F0-B61F-B3C31CB5C306}.Debug|x86.ActiveCfg = Debug|Win32
		{152FEB83-0605-42F0-B61F-B3C31CB5C306}.Debug|x86.Build.0 = Debug|Win32
		{152FEB83-0605-42F0-B61F-B3C31CB5C306}.Release|x64.ActiveCfg = Release|x64
		{152FEB83-0605-42F0-B61F-B3C31CB5C306}.Release|x64.Build.0 = Release|x64
		{152FEB83-0605-42F0-B61F-B3C31CB5C306}.Release|x86.ActiveCfg = Release|Win32
		{152FEB83-0605-42F0-B61F-B3C31CB5C306}.Release|x86.Build.0 = Release|Win32
		{AB7C8D11-3995-47CC-8B98-30D89A7B6E8F}.Debug|x64.ActiveCfg = Debug|x64
		{AB7C8D11-3995-47CC-8B98-30D89A7B6E8F}.Debug|x64.Build.0 = Debug|x64
		{AB7C8D11-3995-47CC-8B98-30D89A7B6E8F}.Debug|x86.ActiveCfg = Debug|Win32
		{AB7C8D11-3995-47CC-8B98-30D89A7B6E8F}.Debug|x86.Build.0 = Debug|Win32
		{AB7C8D11-3995-47CC-8B98-30D89A7B6E8F}.Release|x64.ActiveCfg = Release|x64
		{AB7C8D11-3995-47CC-8B98-30D89A7B6E8F}.Release|x64.Build.0 = Release|x64
		{AB7C8D11-3995-47CC-8B98-30D89A7B6E8F}.Release|x86.ActiveCfg = Release|Win32
		{AB7C8D11-3995-47CC-8B98-30D89A7B6E8F}.Release|x86.Build.0 = Release|Win32
	EndGlobalSection
	GlobalSection(SolutionProperties) = preSolution
		HideSolutionNode = FALSE
	EndGlobalSection
	GlobalSection(NestedProjects) = preSolution
		{0194A37F-1C90-42CF-9C84-403F04310515} = {16ED9190-8D28-439E-B63D-E0896F865CF1}
		{6D02DDBA-B25A-453C-8E68-C2AB546B984F} = {0494B9C3-AE9B-42EE-875A-603FD2197C3E}
		{C7F82E8F-61AB-4E3B-9A1B-135EADDF5D72} = {0494B9C3-AE9B-42EE-875A-603FD2197C3E}
		{0494B9C3-AE9B-42EE-875A-603FD2197C3E} = {D3DDF0C7-09BC-4980-BFF9-FEE3ECF41A3C}
		{5AC44299-B705-44C9-906F-72ECCE54E2D8} = {0494B9C3-AE9B-42EE-875A-603FD2197C3E}
		{23C9E506-4E9F-49EB-8B27-B71F046B9EA0} = {0494B9C3-AE9B-42EE-875A-603FD2197C3E}
		{6EBFFB2B-5EC9-4829-81E7-C5B840524035} = {0494B9C3-AE9B-42EE-875A-603FD2197C3E}
		{4F461F0F-F985-4339-8256-984A26D0D06B} = {0494B9C3-AE9B-42EE-875A-603FD2197C3E}
		{E5EEE576-FB21-4448-BF92-38C23CB37B06} = {0494B9C3-AE9B-42EE-875A-603FD2197C3E}
		{4F03FC21-5396-49B3-B1DA-5057FB09AC0B} = {0494B9C3-AE9B-42EE-875A-603FD2197C3E}
		{152FEB83-0605-42F0-B61F-B3C31CB5C306} = {0494B9C3-AE9B-42EE-875A-603FD2197C3E}
		{AB7C8D11-3995-47CC-8B98-30D89A7B6E8F} = {0494B9C3-AE9B-42EE-875A-603FD2197C3E}
		{16ED9190-8D28-439E-B63D-E0896F865CF1} = {B964465E-1E35-4998-B114-05B13906EF14}
	EndGlobalSection
	GlobalSection(ExtensibilityGlobals) = postSolution
		SolutionGuid = {0E819AF5-C7CF-4B48-9F7A-75C053699079}
	EndGlobalSection
EndGlobal
