
Microsoft Visual Studio Solution File, Format Version 12.00
# Visual Studio 15
VisualStudioVersion = 15.0.28307.1705
MinimumVisualStudioVersion = 10.0.40219.1
Project("{FAE04EC0-301F-11D3-BF4B-00C04F79EFBC}") = "KDC101_Example", "KDC101_Example.csproj", "{0194A37F-1C90-42CF-9C84-403F04310515}"
EndProject
Project("{2150E333-8FDC-42A3-9474-1A3956D46DE8}") = "C++", "C++", "{42D5DB98-2389-4C77-862C-5F106F92B67B}"
EndProject
Project("{2150E333-8FDC-42A3-9474-1A3956D46DE8}") = "CSharp", "CSharp", "{83E2458F-F866-4A7A-8CEE-E53F61D9D041}"
EndProject
Project("{2150E333-8FDC-42A3-9474-1A3956D46DE8}") = "KCube", "KCube", "{07A93E10-5C9B-42D3-8101-7F309B0B3340}"
EndProject
Global
	GlobalSection(SolutionConfigurationPlatforms) = preSolution
		Debug|x86 = Debug|x86
		Release|x86 = Release|x86
	EndGlobalSection
	GlobalSection(ProjectConfigurationPlatforms) = postSolution
		{0194A37F-1C90-42CF-9C84-403F04310515}.Debug|x86.ActiveCfg = Debug|x86
		{0194A37F-1C90-42CF-9C84-403F04310515}.Debug|x86.Build.0 = Debug|x86
		{0194A37F-1C90-42CF-9C84-403F04310515}.Release|x86.ActiveCfg = Release|x86
		{0194A37F-1C90-42CF-9C84-403F04310515}.Release|x86.Build.0 = Release|x86
	EndGlobalSection
	GlobalSection(SolutionProperties) = preSolution
		HideSolutionNode = FALSE
	EndGlobalSection
	GlobalSection(NestedProjects) = preSolution
		{0194A37F-1C90-42CF-9C84-403F04310515} = {07A93E10-5C9B-42D3-8101-7F309B0B3340}
		{07A93E10-5C9B-42D3-8101-7F309B0B3340} = {83E2458F-F866-4A7A-8CEE-E53F61D9D041}
	EndGlobalSection
	GlobalSection(ExtensibilityGlobals) = postSolution
		SolutionGuid = {801F2CE7-E0F3-471B-AF9A-E89BE393984C}
	EndGlobalSection
EndGlobal
