
Microsoft Visual Studio Solution File, Format Version 12.00
# Visual Studio Version 16
VisualStudioVersion = 16.0.33529.622
MinimumVisualStudioVersion = 10.0.40219.1
Project("{FAE04EC0-301F-11D3-BF4B-00C04F79EFBC}") = "Linear_Stage", "Linear_Stage\Linear_Stage.csproj", "{0E8316D4-2582-4458-BC43-E88923399961}"
EndProject
Global
	GlobalSection(SolutionConfigurationPlatforms) = preSolution
		Debug|Any CPU = Debug|Any CPU
		Release|Any CPU = Release|Any CPU
	EndGlobalSection
	GlobalSection(ProjectConfigurationPlatforms) = postSolution
		{0E8316D4-2582-4458-BC43-E88923399961}.Debug|Any CPU.ActiveCfg = Debug|Any CPU
		{0E8316D4-2582-4458-BC43-E88923399961}.Debug|Any CPU.Build.0 = Debug|Any CPU
		{0E8316D4-2582-4458-BC43-E88923399961}.Release|Any CPU.ActiveCfg = Release|Any CPU
		{0E8316D4-2582-4458-BC43-E88923399961}.Release|Any CPU.Build.0 = Release|Any CPU
	EndGlobalSection
	GlobalSection(SolutionProperties) = preSolution
		HideSolutionNode = FALSE
	EndGlobalSection
	GlobalSection(ExtensibilityGlobals) = postSolution
		SolutionGuid = {A34AF7C8-58A8-4F80-AC68-5F6623B3B3DB}
	EndGlobalSection
EndGlobal
