
Microsoft Visual Studio Solution File, Format Version 12.00
# Visual Studio Version 17
VisualStudioVersion = 17.14.36915.13 d17.14
MinimumVisualStudioVersion = 10.0.40219.1
Project("{FAE04EC0-301F-11D3-BF4B-00C04F79EFBC}") = "KPC101_Example", "KPC101_Example\KPC101_Example.csproj", "{D5ED37A5-9897-42C6-8878-DFB422D01E86}"
EndProject
Global
	GlobalSection(SolutionConfigurationPlatforms) = preSolution
		Debug|Any CPU = Debug|Any CPU
		Debug|x64 = Debug|x64
		Release|Any CPU = Release|Any CPU
		Release|x64 = Release|x64
	EndGlobalSection
	GlobalSection(ProjectConfigurationPlatforms) = postSolution
		{D5ED37A5-9897-42C6-8878-DFB422D01E86}.Debug|Any CPU.ActiveCfg = Debug|Any CPU
		{D5ED37A5-9897-42C6-8878-DFB422D01E86}.Debug|Any CPU.Build.0 = Debug|Any CPU
		{D5ED37A5-9897-42C6-8878-DFB422D01E86}.Debug|x64.ActiveCfg = Debug|x64
		{D5ED37A5-9897-42C6-8878-DFB422D01E86}.Debug|x64.Build.0 = Debug|x64
		{D5ED37A5-9897-42C6-8878-DFB422D01E86}.Release|Any CPU.ActiveCfg = Release|Any CPU
		{D5ED37A5-9897-42C6-8878-DFB422D01E86}.Release|Any CPU.Build.0 = Release|Any CPU
		{D5ED37A5-9897-42C6-8878-DFB422D01E86}.Release|x64.ActiveCfg = Release|x64
		{D5ED37A5-9897-42C6-8878-DFB422D01E86}.Release|x64.Build.0 = Release|x64
	EndGlobalSection
	GlobalSection(SolutionProperties) = preSolution
		HideSolutionNode = FALSE
	EndGlobalSection
	GlobalSection(ExtensibilityGlobals) = postSolution
		SolutionGuid = {137773C2-34D6-4933-B4B5-F9764B4E479B}
	EndGlobalSection
EndGlobal
